
Microsoft Visual Studio Solution File, Format Version 12.00
# Visual Studio Version 17
VisualStudioVersion = 17.9.34622.214
MinimumVisualStudioVersion = 10.0.40219.1
Project("{9A19103F-16F7-4668-BE54-9A1E7A4F7556}") = "CSharp_Intro", "CSharp_Intro\CSharp_Intro.csproj", "{8003B64D-0CF1-41E8-9D17-94AAA2DE63E6}"
EndProject
Project("{9A19103F-16F7-4668-BE54-9A1E7A4F7556}") = "Array_HW", "Array_HW\Array_HW.csproj", "{D4C98CDE-8C83-47BE-B9D2-BC6ADD300408}"
EndProject
Project("{9A19103F-16F7-4668-BE54-9A1E7A4F7556}") = "Exception_Namespace_HW", "Exception_Namespace\Exception_Namespace_HW.csproj", "{4D5E479A-BCF5-4086-9779-FF7E921D8A61}"
EndProject
Project("{9A19103F-16F7-4668-BE54-9A1E7A4F7556}") = "String_HW", "String_HW\String_HW.csproj", "{2CDC3E11-6E1E-46CC-A113-FB07C2B5617F}"
EndProject
Project("{9A19103F-16F7-4668-BE54-9A1E7A4F7556}") = "OOP_intro_HW", "OOP_intro_HW\OOP_intro_HW.csproj", "{461F73AD-EDC5-472D-8836-5E9864C2B1F8}"
EndProject
Project("{FAE04EC0-301F-11D3-BF4B-00C04F79EFBC}") = "Overloading_Operators_HW", "Overloading_Operators_HW\Overloading_Operators_HW.csproj", "{8EB4B028-547C-48C6-8807-F0B507F5C06E}"
EndProject
Project("{FAE04EC0-301F-11D3-BF4B-00C04F79EFBC}") = "Inheritence_HW", "Inheritence_HW\Inheritence_HW.csproj", "{972E3F29-12CF-454C-A4AE-DA75997F0815}"
EndProject
Project("{FAE04EC0-301F-11D3-BF4B-00C04F79EFBC}") = "Class_Struct_HW", "Class_Struct_HW\Class_Struct_HW.csproj", "{CB8C9C75-6284-461B-B2AA-5DA60BD23019}"
EndProject
Global
	GlobalSection(SolutionConfigurationPlatforms) = preSolution
		Debug|Any CPU = Debug|Any CPU
		Release|Any CPU = Release|Any CPU
	EndGlobalSection
	GlobalSection(ProjectConfigurationPlatforms) = postSolution
		{8003B64D-0CF1-41E8-9D17-94AAA2DE63E6}.Debug|Any CPU.ActiveCfg = Debug|Any CPU
		{8003B64D-0CF1-41E8-9D17-94AAA2DE63E6}.Debug|Any CPU.Build.0 = Debug|Any CPU
		{8003B64D-0CF1-41E8-9D17-94AAA2DE63E6}.Release|Any CPU.ActiveCfg = Release|Any CPU
		{8003B64D-0CF1-41E8-9D17-94AAA2DE63E6}.Release|Any CPU.Build.0 = Release|Any CPU
		{D4C98CDE-8C83-47BE-B9D2-BC6ADD300408}.Debug|Any CPU.ActiveCfg = Debug|Any CPU
		{D4C98CDE-8C83-47BE-B9D2-BC6ADD300408}.Debug|Any CPU.Build.0 = Debug|Any CPU
		{D4C98CDE-8C83-47BE-B9D2-BC6ADD300408}.Release|Any CPU.ActiveCfg = Release|Any CPU
		{D4C98CDE-8C83-47BE-B9D2-BC6ADD300408}.Release|Any CPU.Build.0 = Release|Any CPU
		{4D5E479A-BCF5-4086-9779-FF7E921D8A61}.Debug|Any CPU.ActiveCfg = Debug|Any CPU
		{4D5E479A-BCF5-4086-9779-FF7E921D8A61}.Debug|Any CPU.Build.0 = Debug|Any CPU
		{4D5E479A-BCF5-4086-9779-FF7E921D8A61}.Release|Any CPU.ActiveCfg = Release|Any CPU
		{4D5E479A-BCF5-4086-9779-FF7E921D8A61}.Release|Any CPU.Build.0 = Release|Any CPU
		{2CDC3E11-6E1E-46CC-A113-FB07C2B5617F}.Debug|Any CPU.ActiveCfg = Debug|Any CPU
		{2CDC3E11-6E1E-46CC-A113-FB07C2B5617F}.Debug|Any CPU.Build.0 = Debug|Any CPU
		{2CDC3E11-6E1E-46CC-A113-FB07C2B5617F}.Release|Any CPU.ActiveCfg = Release|Any CPU
		{2CDC3E11-6E1E-46CC-A113-FB07C2B5617F}.Release|Any CPU.Build.0 = Release|Any CPU
		{461F73AD-EDC5-472D-8836-5E9864C2B1F8}.Debug|Any CPU.ActiveCfg = Debug|Any CPU
		{461F73AD-EDC5-472D-8836-5E9864C2B1F8}.Debug|Any CPU.Build.0 = Debug|Any CPU
		{461F73AD-EDC5-472D-8836-5E9864C2B1F8}.Release|Any CPU.ActiveCfg = Release|Any CPU
		{461F73AD-EDC5-472D-8836-5E9864C2B1F8}.Release|Any CPU.Build.0 = Release|Any CPU
		{8EB4B028-547C-48C6-8807-F0B507F5C06E}.Debug|Any CPU.ActiveCfg = Debug|Any CPU
		{8EB4B028-547C-48C6-8807-F0B507F5C06E}.Debug|Any CPU.Build.0 = Debug|Any CPU
		{8EB4B028-547C-48C6-8807-F0B507F5C06E}.Release|Any CPU.ActiveCfg = Release|Any CPU
		{8EB4B028-547C-48C6-8807-F0B507F5C06E}.Release|Any CPU.Build.0 = Release|Any CPU
		{972E3F29-12CF-454C-A4AE-DA75997F0815}.Debug|Any CPU.ActiveCfg = Debug|Any CPU
		{972E3F29-12CF-454C-A4AE-DA75997F0815}.Debug|Any CPU.Build.0 = Debug|Any CPU
		{972E3F29-12CF-454C-A4AE-DA75997F0815}.Release|Any CPU.ActiveCfg = Release|Any CPU
		{972E3F29-12CF-454C-A4AE-DA75997F0815}.Release|Any CPU.Build.0 = Release|Any CPU
		{CB8C9C75-6284-461B-B2AA-5DA60BD23019}.Debug|Any CPU.ActiveCfg = Debug|Any CPU
		{CB8C9C75-6284-461B-B2AA-5DA60BD23019}.Debug|Any CPU.Build.0 = Debug|Any CPU
		{CB8C9C75-6284-461B-B2AA-5DA60BD23019}.Release|Any CPU.ActiveCfg = Release|Any CPU
		{CB8C9C75-6284-461B-B2AA-5DA60BD23019}.Release|Any CPU.Build.0 = Release|Any CPU
	EndGlobalSection
	GlobalSection(SolutionProperties) = preSolution
		HideSolutionNode = FALSE
	EndGlobalSection
	GlobalSection(ExtensibilityGlobals) = postSolution
		SolutionGuid = {9F950746-6F08-4F9C-B576-2744AB199E7F}
	EndGlobalSection
EndGlobal
